// !$*UTF8*$!
{
	archiveVersion = 1;
	classes = {
	};
	objectVersion = 55;
	objects = {

/* Begin PBXBuildFile section */
		8D06481329226D9F00F9438A /* Formatter.swift in Sources */ = {isa = PBXBuildFile; fileRef = 8D06481229226D9F00F9438A /* Formatter.swift */; };
		8D064815292299FA00F9438A /* LoadingView.swift in Sources */ = {isa = PBXBuildFile; fileRef = 8D064814292299FA00F9438A /* LoadingView.swift */; };
		8D0648172922A29E00F9438A /* CheckmarkToggleStyle.swift in Sources */ = {isa = PBXBuildFile; fileRef = 8D0648162922A29E00F9438A /* CheckmarkToggleStyle.swift */; };
		8D09A68E28AAA5700014E075 /* SpaceXLaunchApp.swift in Sources */ = {isa = PBXBuildFile; fileRef = 8D09A68D28AAA5700014E075 /* SpaceXLaunchApp.swift */; };
		8D09A69028AAA5700014E075 /* MainTabView.swift in Sources */ = {isa = PBXBuildFile; fileRef = 8D09A68F28AAA5700014E075 /* MainTabView.swift */; };
		8D09A69228AAA5710014E075 /* Assets.xcassets in Resources */ = {isa = PBXBuildFile; fileRef = 8D09A69128AAA5710014E075 /* Assets.xcassets */; };
		8D0B4EBC291A8CB400B97148 /* ReturnedLaunchModel.swift in Sources */ = {isa = PBXBuildFile; fileRef = 8D0B4EBB291A8CB400B97148 /* ReturnedLaunchModel.swift */; };
		8D0E787F28BCE9FD001D7371 /* LabGrotesque-LightItalic.ttf in Resources */ = {isa = PBXBuildFile; fileRef = 8D0E787128BCE9FD001D7371 /* LabGrotesque-LightItalic.ttf */; };
		8D0E788028BCE9FD001D7371 /* LabGrotesque-ThinItalic.ttf in Resources */ = {isa = PBXBuildFile; fileRef = 8D0E787228BCE9FD001D7371 /* LabGrotesque-ThinItalic.ttf */; };
		8D0E788128BCE9FD001D7371 /* LabGrotesque-Bold.ttf in Resources */ = {isa = PBXBuildFile; fileRef = 8D0E787328BCE9FD001D7371 /* LabGrotesque-Bold.ttf */; };
		8D0E788228BCE9FD001D7371 /* LabGrotesque-BlackItalic.ttf in Resources */ = {isa = PBXBuildFile; fileRef = 8D0E787428BCE9FD001D7371 /* LabGrotesque-BlackItalic.ttf */; };
		8D0E788328BCE9FD001D7371 /* LabGrotesque-Light.ttf in Resources */ = {isa = PBXBuildFile; fileRef = 8D0E787528BCE9FD001D7371 /* LabGrotesque-Light.ttf */; };
		8D0E788428BCE9FD001D7371 /* LabGrotesque-Italic.ttf in Resources */ = {isa = PBXBuildFile; fileRef = 8D0E787628BCE9FD001D7371 /* LabGrotesque-Italic.ttf */; };
		8D0E788528BCE9FD001D7371 /* LabGrotesque-Regular.ttf in Resources */ = {isa = PBXBuildFile; fileRef = 8D0E787728BCE9FD001D7371 /* LabGrotesque-Regular.ttf */; };
		8D0E788628BCE9FD001D7371 /* LabGrotesqueMono-Bold.ttf in Resources */ = {isa = PBXBuildFile; fileRef = 8D0E787828BCE9FD001D7371 /* LabGrotesqueMono-Bold.ttf */; };
		8D0E788728BCE9FD001D7371 /* LabGrotesque-BoldItalic.ttf in Resources */ = {isa = PBXBuildFile; fileRef = 8D0E787928BCE9FD001D7371 /* LabGrotesque-BoldItalic.ttf */; };
		8D0E788828BCE9FD001D7371 /* LabGrotesque-Black.ttf in Resources */ = {isa = PBXBuildFile; fileRef = 8D0E787A28BCE9FD001D7371 /* LabGrotesque-Black.ttf */; };
		8D0E788928BCE9FD001D7371 /* LabGrotesque-Medium.ttf in Resources */ = {isa = PBXBuildFile; fileRef = 8D0E787B28BCE9FD001D7371 /* LabGrotesque-Medium.ttf */; };
		8D0E788A28BCE9FD001D7371 /* LabGrotesqueMono.ttf in Resources */ = {isa = PBXBuildFile; fileRef = 8D0E787C28BCE9FD001D7371 /* LabGrotesqueMono.ttf */; };
		8D0E788B28BCE9FD001D7371 /* LabGrotesque-Thin.ttf in Resources */ = {isa = PBXBuildFile; fileRef = 8D0E787D28BCE9FD001D7371 /* LabGrotesque-Thin.ttf */; };
		8D0E788C28BCE9FD001D7371 /* LabGrotesque-MediumItalic.ttf in Resources */ = {isa = PBXBuildFile; fileRef = 8D0E787E28BCE9FD001D7371 /* LabGrotesque-MediumItalic.ttf */; };
		8D29A9AA28DCD230001B2E80 /* DataManager.swift in Sources */ = {isa = PBXBuildFile; fileRef = 8D29A9A928DCD230001B2E80 /* DataManager.swift */; };
		8D4568BD28ABC9E300838891 /* RocketModel.swift in Sources */ = {isa = PBXBuildFile; fileRef = 8D4568BC28ABC9E300838891 /* RocketModel.swift */; };
		8D81D0D52930D0CA0081AF8B /* LaunchModel.swift in Sources */ = {isa = PBXBuildFile; fileRef = 8D81D0D42930D0CA0081AF8B /* LaunchModel.swift */; };
		8D86973128AD026400082DA7 /* RocketViewModel.swift in Sources */ = {isa = PBXBuildFile; fileRef = 8D86973028AD026400082DA7 /* RocketViewModel.swift */; };
		8DB6ED4C28ABB9AC00DF0DB5 /* RoketView.swift in Sources */ = {isa = PBXBuildFile; fileRef = 8DB6ED4B28ABB9AC00DF0DB5 /* RoketView.swift */; };
		8DDCE7C5292F9A610084150B /* DownloadImageView.swift in Sources */ = {isa = PBXBuildFile; fileRef = 8DDCE7C4292F9A610084150B /* DownloadImageView.swift */; };
		8DDCE7C7292F9AB50084150B /* DownloadImageViewModel.swift in Sources */ = {isa = PBXBuildFile; fileRef = 8DDCE7C6292F9AB50084150B /* DownloadImageViewModel.swift */; };
		8DDCE7CA292F9E250084150B /* CacheManager.swift in Sources */ = {isa = PBXBuildFile; fileRef = 8DDCE7C9292F9E250084150B /* CacheManager.swift */; };
		8DDCE7CC292FA70F0084150B /* LaunchScreenViewModel.swift in Sources */ = {isa = PBXBuildFile; fileRef = 8DDCE7CB292FA70F0084150B /* LaunchScreenViewModel.swift */; };
		8DDEAE7828B7950000B5CD73 /* PreferenceView.swift in Sources */ = {isa = PBXBuildFile; fileRef = 8DDEAE7728B7950000B5CD73 /* PreferenceView.swift */; };
		8DF3540A290FF1C10021AF6E /* PreviewProvider.swift in Sources */ = {isa = PBXBuildFile; fileRef = 8DF35409290FF1C10021AF6E /* PreviewProvider.swift */; };
		8DF3540C290FF33A0021AF6E /* Fonts.swift in Sources */ = {isa = PBXBuildFile; fileRef = 8DF3540B290FF33A0021AF6E /* Fonts.swift */; };
		8DF3540E290FF6690021AF6E /* LaunchScreenView.swift in Sources */ = {isa = PBXBuildFile; fileRef = 8DF3540D290FF6690021AF6E /* LaunchScreenView.swift */; };
/* End PBXBuildFile section */

/* Begin PBXFileReference section */
		8D06481229226D9F00F9438A /* Formatter.swift */ = {isa = PBXFileReference; lastKnownFileType = sourcecode.swift; path = Formatter.swift; sourceTree = "<group>"; };
		8D064814292299FA00F9438A /* LoadingView.swift */ = {isa = PBXFileReference; lastKnownFileType = sourcecode.swift; path = LoadingView.swift; sourceTree = "<group>"; };
		8D0648162922A29E00F9438A /* CheckmarkToggleStyle.swift */ = {isa = PBXFileReference; lastKnownFileType = sourcecode.swift; path = CheckmarkToggleStyle.swift; sourceTree = "<group>"; };
		8D09A68A28AAA5700014E075 /* SpaceXLaunch.app */ = {isa = PBXFileReference; explicitFileType = wrapper.application; includeInIndex = 0; path = SpaceXLaunch.app; sourceTree = BUILT_PRODUCTS_DIR; };
		8D09A68D28AAA5700014E075 /* SpaceXLaunchApp.swift */ = {isa = PBXFileReference; lastKnownFileType = sourcecode.swift; path = SpaceXLaunchApp.swift; sourceTree = "<group>"; };
		8D09A68F28AAA5700014E075 /* MainTabView.swift */ = {isa = PBXFileReference; lastKnownFileType = sourcecode.swift; path = MainTabView.swift; sourceTree = "<group>"; };
		8D09A69128AAA5710014E075 /* Assets.xcassets */ = {isa = PBXFileReference; lastKnownFileType = folder.assetcatalog; path = Assets.xcassets; sourceTree = "<group>"; };
		8D0B4EBB291A8CB400B97148 /* ReturnedLaunchModel.swift */ = {isa = PBXFileReference; lastKnownFileType = sourcecode.swift; path = ReturnedLaunchModel.swift; sourceTree = "<group>"; };
		8D0E787028BCE37C001D7371 /* Info.plist */ = {isa = PBXFileReference; lastKnownFileType = text.plist; path = Info.plist; sourceTree = "<group>"; };
		8D0E787128BCE9FD001D7371 /* LabGrotesque-LightItalic.ttf */ = {isa = PBXFileReference; lastKnownFileType = file; path = "LabGrotesque-LightItalic.ttf"; sourceTree = "<group>"; };
		8D0E787228BCE9FD001D7371 /* LabGrotesque-ThinItalic.ttf */ = {isa = PBXFileReference; lastKnownFileType = file; path = "LabGrotesque-ThinItalic.ttf"; sourceTree = "<group>"; };
		8D0E787328BCE9FD001D7371 /* LabGrotesque-Bold.ttf */ = {isa = PBXFileReference; lastKnownFileType = file; path = "LabGrotesque-Bold.ttf"; sourceTree = "<group>"; };
		8D0E787428BCE9FD001D7371 /* LabGrotesque-BlackItalic.ttf */ = {isa = PBXFileReference; lastKnownFileType = file; path = "LabGrotesque-BlackItalic.ttf"; sourceTree = "<group>"; };
		8D0E787528BCE9FD001D7371 /* LabGrotesque-Light.ttf */ = {isa = PBXFileReference; lastKnownFileType = file; path = "LabGrotesque-Light.ttf"; sourceTree = "<group>"; };
		8D0E787628BCE9FD001D7371 /* LabGrotesque-Italic.ttf */ = {isa = PBXFileReference; lastKnownFileType = file; path = "LabGrotesque-Italic.ttf"; sourceTree = "<group>"; };
		8D0E787728BCE9FD001D7371 /* LabGrotesque-Regular.ttf */ = {isa = PBXFileReference; lastKnownFileType = file; path = "LabGrotesque-Regular.ttf"; sourceTree = "<group>"; };
		8D0E787828BCE9FD001D7371 /* LabGrotesqueMono-Bold.ttf */ = {isa = PBXFileReference; lastKnownFileType = file; path = "LabGrotesqueMono-Bold.ttf"; sourceTree = "<group>"; };
		8D0E787928BCE9FD001D7371 /* LabGrotesque-BoldItalic.ttf */ = {isa = PBXFileReference; lastKnownFileType = file; path = "LabGrotesque-BoldItalic.ttf"; sourceTree = "<group>"; };
		8D0E787A28BCE9FD001D7371 /* LabGrotesque-Black.ttf */ = {isa = PBXFileReference; lastKnownFileType = file; path = "LabGrotesque-Black.ttf"; sourceTree = "<group>"; };
		8D0E787B28BCE9FD001D7371 /* LabGrotesque-Medium.ttf */ = {isa = PBXFileReference; lastKnownFileType = file; path = "LabGrotesque-Medium.ttf"; sourceTree = "<group>"; };
		8D0E787C28BCE9FD001D7371 /* LabGrotesqueMono.ttf */ = {isa = PBXFileReference; lastKnownFileType = file; path = LabGrotesqueMono.ttf; sourceTree = "<group>"; };
		8D0E787D28BCE9FD001D7371 /* LabGrotesque-Thin.ttf */ = {isa = PBXFileReference; lastKnownFileType = file; path = "LabGrotesque-Thin.ttf"; sourceTree = "<group>"; };
		8D0E787E28BCE9FD001D7371 /* LabGrotesque-MediumItalic.ttf */ = {isa = PBXFileReference; lastKnownFileType = file; path = "LabGrotesque-MediumItalic.ttf"; sourceTree = "<group>"; };
		8D29A9A928DCD230001B2E80 /* DataManager.swift */ = {isa = PBXFileReference; lastKnownFileType = sourcecode.swift; path = DataManager.swift; sourceTree = "<group>"; };
		8D4568BC28ABC9E300838891 /* RocketModel.swift */ = {isa = PBXFileReference; lastKnownFileType = sourcecode.swift; path = RocketModel.swift; sourceTree = "<group>"; };
		8D81D0D42930D0CA0081AF8B /* LaunchModel.swift */ = {isa = PBXFileReference; lastKnownFileType = sourcecode.swift; path = LaunchModel.swift; sourceTree = "<group>"; };
		8D86973028AD026400082DA7 /* RocketViewModel.swift */ = {isa = PBXFileReference; lastKnownFileType = sourcecode.swift; path = RocketViewModel.swift; sourceTree = "<group>"; };
		8DB6ED4B28ABB9AC00DF0DB5 /* RoketView.swift */ = {isa = PBXFileReference; fileEncoding = 4; lastKnownFileType = sourcecode.swift; path = RoketView.swift; sourceTree = "<group>"; };
		8DDCE7C4292F9A610084150B /* DownloadImageView.swift */ = {isa = PBXFileReference; lastKnownFileType = sourcecode.swift; path = DownloadImageView.swift; sourceTree = "<group>"; };
		8DDCE7C6292F9AB50084150B /* DownloadImageViewModel.swift */ = {isa = PBXFileReference; lastKnownFileType = sourcecode.swift; path = DownloadImageViewModel.swift; sourceTree = "<group>"; };
		8DDCE7C9292F9E250084150B /* CacheManager.swift */ = {isa = PBXFileReference; lastKnownFileType = sourcecode.swift; path = CacheManager.swift; sourceTree = "<group>"; };
		8DDCE7CB292FA70F0084150B /* LaunchScreenViewModel.swift */ = {isa = PBXFileReference; lastKnownFileType = sourcecode.swift; path = LaunchScreenViewModel.swift; sourceTree = "<group>"; };
		8DDEAE7728B7950000B5CD73 /* PreferenceView.swift */ = {isa = PBXFileReference; lastKnownFileType = sourcecode.swift; path = PreferenceView.swift; sourceTree = "<group>"; };
		8DF35409290FF1C10021AF6E /* PreviewProvider.swift */ = {isa = PBXFileReference; lastKnownFileType = sourcecode.swift; path = PreviewProvider.swift; sourceTree = "<group>"; };
		8DF3540B290FF33A0021AF6E /* Fonts.swift */ = {isa = PBXFileReference; lastKnownFileType = sourcecode.swift; path = Fonts.swift; sourceTree = "<group>"; };
		8DF3540D290FF6690021AF6E /* LaunchScreenView.swift */ = {isa = PBXFileReference; fileEncoding = 4; lastKnownFileType = sourcecode.swift; path = LaunchScreenView.swift; sourceTree = "<group>"; };
/* End PBXFileReference section */

/* Begin PBXFrameworksBuildPhase section */
		8D09A68728AAA5700014E075 /* Frameworks */ = {
			isa = PBXFrameworksBuildPhase;
			buildActionMask = 2147483647;
			files = (
			);
			runOnlyForDeploymentPostprocessing = 0;
		};
/* End PBXFrameworksBuildPhase section */

/* Begin PBXGroup section */
		8D0648182922A2C600F9438A /* Components */ = {
			isa = PBXGroup;
			children = (
				8D0648162922A29E00F9438A /* CheckmarkToggleStyle.swift */,
				8DDCE7C4292F9A610084150B /* DownloadImageView.swift */,
			);
			path = Components;
			sourceTree = "<group>";
		};
		8D09A68128AAA5700014E075 = {
			isa = PBXGroup;
			children = (
				8D09A68C28AAA5700014E075 /* SpaceXLaunch */,
				8D09A69128AAA5710014E075 /* Assets.xcassets */,
				8D09A68B28AAA5700014E075 /* Products */,
			);
			sourceTree = "<group>";
		};
		8D09A68B28AAA5700014E075 /* Products */ = {
			isa = PBXGroup;
			children = (
				8D09A68A28AAA5700014E075 /* SpaceXLaunch.app */,
			);
			name = Products;
			sourceTree = "<group>";
		};
		8D09A68C28AAA5700014E075 /* SpaceXLaunch */ = {
			isa = PBXGroup;
			children = (
				8D0E787028BCE37C001D7371 /* Info.plist */,
				8D09A68D28AAA5700014E075 /* SpaceXLaunchApp.swift */,
				8DDCE7C8292F9C7D0084150B /* Utilites */,
				8DF35408290FF1AA0021AF6E /* Extensions */,
				8D86973628AD434100082DA7 /* View */,
				8D0E786F28BCCF40001D7371 /* ViewModel */,
				8DB6ED4D28ABC99B00DF0DB5 /* Model */,
				8D0E788D28BCEA0A001D7371 /* Fonts */,
			);
			path = SpaceXLaunch;
			sourceTree = "<group>";
		};
		8D0E786F28BCCF40001D7371 /* ViewModel */ = {
			isa = PBXGroup;
			children = (
				8D86973028AD026400082DA7 /* RocketViewModel.swift */,
				8DDCE7CB292FA70F0084150B /* LaunchScreenViewModel.swift */,
				8DDCE7C6292F9AB50084150B /* DownloadImageViewModel.swift */,
			);
			path = ViewModel;
			sourceTree = "<group>";
		};
		8D0E788D28BCEA0A001D7371 /* Fonts */ = {
			isa = PBXGroup;
			children = (
				8D0E787A28BCE9FD001D7371 /* LabGrotesque-Black.ttf */,
				8D0E787428BCE9FD001D7371 /* LabGrotesque-BlackItalic.ttf */,
				8D0E787328BCE9FD001D7371 /* LabGrotesque-Bold.ttf */,
				8D0E787928BCE9FD001D7371 /* LabGrotesque-BoldItalic.ttf */,
				8D0E787628BCE9FD001D7371 /* LabGrotesque-Italic.ttf */,
				8D0E787528BCE9FD001D7371 /* LabGrotesque-Light.ttf */,
				8D0E787128BCE9FD001D7371 /* LabGrotesque-LightItalic.ttf */,
				8D0E787B28BCE9FD001D7371 /* LabGrotesque-Medium.ttf */,
				8D0E787E28BCE9FD001D7371 /* LabGrotesque-MediumItalic.ttf */,
				8D0E787728BCE9FD001D7371 /* LabGrotesque-Regular.ttf */,
				8D0E787D28BCE9FD001D7371 /* LabGrotesque-Thin.ttf */,
				8D0E787228BCE9FD001D7371 /* LabGrotesque-ThinItalic.ttf */,
				8D0E787828BCE9FD001D7371 /* LabGrotesqueMono-Bold.ttf */,
				8D0E787C28BCE9FD001D7371 /* LabGrotesqueMono.ttf */,
			);
			path = Fonts;
			sourceTree = "<group>";
		};
		8D86973628AD434100082DA7 /* View */ = {
			isa = PBXGroup;
			children = (
				8DB6ED4B28ABB9AC00DF0DB5 /* RoketView.swift */,
				8D09A68F28AAA5700014E075 /* MainTabView.swift */,
				8DF3540D290FF6690021AF6E /* LaunchScreenView.swift */,
				8D064814292299FA00F9438A /* LoadingView.swift */,
				8DDEAE7728B7950000B5CD73 /* PreferenceView.swift */,
				8D0648182922A2C600F9438A /* Components */,
			);
			path = View;
			sourceTree = "<group>";
		};
		8DB6ED4D28ABC99B00DF0DB5 /* Model */ = {
			isa = PBXGroup;
			children = (
				8D4568BC28ABC9E300838891 /* RocketModel.swift */,
				8D81D0D42930D0CA0081AF8B /* LaunchModel.swift */,
				8D0B4EBB291A8CB400B97148 /* ReturnedLaunchModel.swift */,
			);
			path = Model;
			sourceTree = "<group>";
		};
		8DDCE7C8292F9C7D0084150B /* Utilites */ = {
			isa = PBXGroup;
			children = (
				8D29A9A928DCD230001B2E80 /* DataManager.swift */,
				8DDCE7C9292F9E250084150B /* CacheManager.swift */,
			);
			path = Utilites;
			sourceTree = "<group>";
		};
		8DF35408290FF1AA0021AF6E /* Extensions */ = {
			isa = PBXGroup;
			children = (
				8DF35409290FF1C10021AF6E /* PreviewProvider.swift */,
				8D06481229226D9F00F9438A /* Formatter.swift */,
				8DF3540B290FF33A0021AF6E /* Fonts.swift */,
			);
			path = Extensions;
			sourceTree = "<group>";
		};
/* End PBXGroup section */

/* Begin PBXNativeTarget section */
		8D09A68928AAA5700014E075 /* SpaceXLaunch */ = {
			isa = PBXNativeTarget;
			buildConfigurationList = 8D09A69828AAA5710014E075 /* Build configuration list for PBXNativeTarget "SpaceXLaunch" */;
			buildPhases = (
				8D09A68628AAA5700014E075 /* Sources */,
				8D09A68728AAA5700014E075 /* Frameworks */,
				8D09A68828AAA5700014E075 /* Resources */,
			);
			buildRules = (
			);
			dependencies = (
			);
			name = SpaceXLaunch;
			productName = SpaceXLaunch;
			productReference = 8D09A68A28AAA5700014E075 /* SpaceXLaunch.app */;
			productType = "com.apple.product-type.application";
		};
/* End PBXNativeTarget section */

/* Begin PBXProject section */
		8D09A68228AAA5700014E075 /* Project object */ = {
			isa = PBXProject;
			attributes = {
				BuildIndependentTargetsInParallel = 1;
				KnownAssetTags = (
					New,
				);
				LastSwiftUpdateCheck = 1340;
				LastUpgradeCheck = 1340;
				TargetAttributes = {
					8D09A68928AAA5700014E075 = {
						CreatedOnToolsVersion = 13.4.1;
					};
				};
			};
			buildConfigurationList = 8D09A68528AAA5700014E075 /* Build configuration list for PBXProject "SpaceXLaunch" */;
			compatibilityVersion = "Xcode 13.0";
			developmentRegion = en;
			hasScannedForEncodings = 0;
			knownRegions = (
				en,
				Base,
			);
			mainGroup = 8D09A68128AAA5700014E075;
			productRefGroup = 8D09A68B28AAA5700014E075 /* Products */;
			projectDirPath = "";
			projectRoot = "";
			targets = (
				8D09A68928AAA5700014E075 /* SpaceXLaunch */,
			);
		};
/* End PBXProject section */

/* Begin PBXResourcesBuildPhase section */
		8D09A68828AAA5700014E075 /* Resources */ = {
			isa = PBXResourcesBuildPhase;
			buildActionMask = 2147483647;
			files = (
				8D0E788228BCE9FD001D7371 /* LabGrotesque-BlackItalic.ttf in Resources */,
				8D0E788A28BCE9FD001D7371 /* LabGrotesqueMono.ttf in Resources */,
				8D0E787F28BCE9FD001D7371 /* LabGrotesque-LightItalic.ttf in Resources */,
				8D0E788628BCE9FD001D7371 /* LabGrotesqueMono-Bold.ttf in Resources */,
				8D0E788728BCE9FD001D7371 /* LabGrotesque-BoldItalic.ttf in Resources */,
				8D0E788328BCE9FD001D7371 /* LabGrotesque-Light.ttf in Resources */,
				8D0E788828BCE9FD001D7371 /* LabGrotesque-Black.ttf in Resources */,
				8D0E788428BCE9FD001D7371 /* LabGrotesque-Italic.ttf in Resources */,
				8D09A69228AAA5710014E075 /* Assets.xcassets in Resources */,
				8D0E788128BCE9FD001D7371 /* LabGrotesque-Bold.ttf in Resources */,
				8D0E788C28BCE9FD001D7371 /* LabGrotesque-MediumItalic.ttf in Resources */,
				8D0E788028BCE9FD001D7371 /* LabGrotesque-ThinItalic.ttf in Resources */,
				8D0E788B28BCE9FD001D7371 /* LabGrotesque-Thin.ttf in Resources */,
				8D0E788528BCE9FD001D7371 /* LabGrotesque-Regular.ttf in Resources */,
				8D0E788928BCE9FD001D7371 /* LabGrotesque-Medium.ttf in Resources */,
			);
			runOnlyForDeploymentPostprocessing = 0;
		};
/* End PBXResourcesBuildPhase section */

/* Begin PBXSourcesBuildPhase section */
		8D09A68628AAA5700014E075 /* Sources */ = {
			isa = PBXSourcesBuildPhase;
			buildActionMask = 2147483647;
			files = (
				8DDEAE7828B7950000B5CD73 /* PreferenceView.swift in Sources */,
				8D29A9AA28DCD230001B2E80 /* DataManager.swift in Sources */,
				8D86973128AD026400082DA7 /* RocketViewModel.swift in Sources */,
				8D81D0D52930D0CA0081AF8B /* LaunchModel.swift in Sources */,
				8DDCE7CA292F9E250084150B /* CacheManager.swift in Sources */,
				8DF3540C290FF33A0021AF6E /* Fonts.swift in Sources */,
				8D4568BD28ABC9E300838891 /* RocketModel.swift in Sources */,
				8D09A69028AAA5700014E075 /* MainTabView.swift in Sources */,
				8D0648172922A29E00F9438A /* CheckmarkToggleStyle.swift in Sources */,
				8DDCE7C5292F9A610084150B /* DownloadImageView.swift in Sources */,
				8DF3540A290FF1C10021AF6E /* PreviewProvider.swift in Sources */,
				8D064815292299FA00F9438A /* LoadingView.swift in Sources */,
				8DDCE7CC292FA70F0084150B /* LaunchScreenViewModel.swift in Sources */,
				8D0B4EBC291A8CB400B97148 /* ReturnedLaunchModel.swift in Sources */,
				8D09A68E28AAA5700014E075 /* SpaceXLaunchApp.swift in Sources */,
				8D06481329226D9F00F9438A /* Formatter.swift in Sources */,
				8DB6ED4C28ABB9AC00DF0DB5 /* RoketView.swift in Sources */,
				8DDCE7C7292F9AB50084150B /* DownloadImageViewModel.swift in Sources */,
				8DF3540E290FF6690021AF6E /* LaunchScreenView.swift in Sources */,
			);
			runOnlyForDeploymentPostprocessing = 0;
		};
/* End PBXSourcesBuildPhase section */

/* Begin XCBuildConfiguration section */
		8D09A69628AAA5710014E075 /* Debug */ = {
			isa = XCBuildConfiguration;
			buildSettings = {
				ALWAYS_SEARCH_USER_PATHS = NO;
				CLANG_ANALYZER_NONNULL = YES;
				CLANG_ANALYZER_NUMBER_OBJECT_CONVERSION = YES_AGGRESSIVE;
				CLANG_CXX_LANGUAGE_STANDARD = "gnu++17";
				CLANG_ENABLE_MODULES = YES;
				CLANG_ENABLE_OBJC_ARC = YES;
				CLANG_ENABLE_OBJC_WEAK = YES;
				CLANG_WARN_BLOCK_CAPTURE_AUTORELEASING = YES;
				CLANG_WARN_BOOL_CONVERSION = YES;
				CLANG_WARN_COMMA = YES;
				CLANG_WARN_CONSTANT_CONVERSION = YES;
				CLANG_WARN_DEPRECATED_OBJC_IMPLEMENTATIONS = YES;
				CLANG_WARN_DIRECT_OBJC_ISA_USAGE = YES_ERROR;
				CLANG_WARN_DOCUMENTATION_COMMENTS = YES;
				CLANG_WARN_EMPTY_BODY = YES;
				CLANG_WARN_ENUM_CONVERSION = YES;
				CLANG_WARN_INFINITE_RECURSION = YES;
				CLANG_WARN_INT_CONVERSION = YES;
				CLANG_WARN_NON_LITERAL_NULL_CONVERSION = YES;
				CLANG_WARN_OBJC_IMPLICIT_RETAIN_SELF = YES;
				CLANG_WARN_OBJC_LITERAL_CONVERSION = YES;
				CLANG_WARN_OBJC_ROOT_CLASS = YES_ERROR;
				CLANG_WARN_QUOTED_INCLUDE_IN_FRAMEWORK_HEADER = YES;
				CLANG_WARN_RANGE_LOOP_ANALYSIS = YES;
				CLANG_WARN_STRICT_PROTOTYPES = YES;
				CLANG_WARN_SUSPICIOUS_MOVE = YES;
				CLANG_WARN_UNGUARDED_AVAILABILITY = YES_AGGRESSIVE;
				CLANG_WARN_UNREACHABLE_CODE = YES;
				CLANG_WARN__DUPLICATE_METHOD_MATCH = YES;
				COPY_PHASE_STRIP = NO;
				DEBUG_INFORMATION_FORMAT = dwarf;
				ENABLE_STRICT_OBJC_MSGSEND = YES;
				ENABLE_TESTABILITY = YES;
				GCC_C_LANGUAGE_STANDARD = gnu11;
				GCC_DYNAMIC_NO_PIC = NO;
				GCC_NO_COMMON_BLOCKS = YES;
				GCC_OPTIMIZATION_LEVEL = 0;
				GCC_PREPROCESSOR_DEFINITIONS = (
					"DEBUG=1",
					"$(inherited)",
				);
				GCC_WARN_64_TO_32_BIT_CONVERSION = YES;
				GCC_WARN_ABOUT_RETURN_TYPE = YES_ERROR;
				GCC_WARN_UNDECLARED_SELECTOR = YES;
				GCC_WARN_UNINITIALIZED_AUTOS = YES_AGGRESSIVE;
				GCC_WARN_UNUSED_FUNCTION = YES;
				GCC_WARN_UNUSED_VARIABLE = YES;
				IPHONEOS_DEPLOYMENT_TARGET = 15.5;
				MTL_ENABLE_DEBUG_INFO = INCLUDE_SOURCE;
				MTL_FAST_MATH = YES;
				ONLY_ACTIVE_ARCH = YES;
				SDKROOT = iphoneos;
				SWIFT_ACTIVE_COMPILATION_CONDITIONS = DEBUG;
				SWIFT_OPTIMIZATION_LEVEL = "-Onone";
			};
			name = Debug;
		};
		8D09A69728AAA5710014E075 /* Release */ = {
			isa = XCBuildConfiguration;
			buildSettings = {
				ALWAYS_SEARCH_USER_PATHS = NO;
				CLANG_ANALYZER_NONNULL = YES;
				CLANG_ANALYZER_NUMBER_OBJECT_CONVERSION = YES_AGGRESSIVE;
				CLANG_CXX_LANGUAGE_STANDARD = "gnu++17";
				CLANG_ENABLE_MODULES = YES;
				CLANG_ENABLE_OBJC_ARC = YES;
				CLANG_ENABLE_OBJC_WEAK = YES;
				CLANG_WARN_BLOCK_CAPTURE_AUTORELEASING = YES;
				CLANG_WARN_BOOL_CONVERSION = YES;
				CLANG_WARN_COMMA = YES;
				CLANG_WARN_CONSTANT_CONVERSION = YES;
				CLANG_WARN_DEPRECATED_OBJC_IMPLEMENTATIONS = YES;
				CLANG_WARN_DIRECT_OBJC_ISA_USAGE = YES_ERROR;
				CLANG_WARN_DOCUMENTATION_COMMENTS = YES;
				CLANG_WARN_EMPTY_BODY = YES;
				CLANG_WARN_ENUM_CONVERSION = YES;
				CLANG_WARN_INFINITE_RECURSION = YES;
				CLANG_WARN_INT_CONVERSION = YES;
				CLANG_WARN_NON_LITERAL_NULL_CONVERSION = YES;
				CLANG_WARN_OBJC_IMPLICIT_RETAIN_SELF = YES;
				CLANG_WARN_OBJC_LITERAL_CONVERSION = YES;
				CLANG_WARN_OBJC_ROOT_CLASS = YES_ERROR;
				CLANG_WARN_QUOTED_INCLUDE_IN_FRAMEWORK_HEADER = YES;
				CLANG_WARN_RANGE_LOOP_ANALYSIS = YES;
				CLANG_WARN_STRICT_PROTOTYPES = YES;
				CLANG_WARN_SUSPICIOUS_MOVE = YES;
				CLANG_WARN_UNGUARDED_AVAILABILITY = YES_AGGRESSIVE;
				CLANG_WARN_UNREACHABLE_CODE = YES;
				CLANG_WARN__DUPLICATE_METHOD_MATCH = YES;
				COPY_PHASE_STRIP = NO;
				DEBUG_INFORMATION_FORMAT = "dwarf-with-dsym";
				ENABLE_NS_ASSERTIONS = NO;
				ENABLE_STRICT_OBJC_MSGSEND = YES;
				GCC_C_LANGUAGE_STANDARD = gnu11;
				GCC_NO_COMMON_BLOCKS = YES;
				GCC_WARN_64_TO_32_BIT_CONVERSION = YES;
				GCC_WARN_ABOUT_RETURN_TYPE = YES_ERROR;
				GCC_WARN_UNDECLARED_SELECTOR = YES;
				GCC_WARN_UNINITIALIZED_AUTOS = YES_AGGRESSIVE;
				GCC_WARN_UNUSED_FUNCTION = YES;
				GCC_WARN_UNUSED_VARIABLE = YES;
				IPHONEOS_DEPLOYMENT_TARGET = 15.5;
				MTL_ENABLE_DEBUG_INFO = NO;
				MTL_FAST_MATH = YES;
				SDKROOT = iphoneos;
				SWIFT_COMPILATION_MODE = wholemodule;
				SWIFT_OPTIMIZATION_LEVEL = "-O";
				VALIDATE_PRODUCT = YES;
			};
			name = Release;
		};
		8D09A69928AAA5710014E075 /* Debug */ = {
			isa = XCBuildConfiguration;
			buildSettings = {
				ASSETCATALOG_COMPILER_APPICON_NAME = AppIcon;
				ASSETCATALOG_COMPILER_GLOBAL_ACCENT_COLOR_NAME = AccentColor;
				CODE_SIGN_STYLE = Automatic;
				CURRENT_PROJECT_VERSION = 1;
				DEVELOPMENT_ASSET_PATHS = "\"SpaceXLaunch/Preview Content\"";
				DEVELOPMENT_TEAM = 79GHQ256TM;
				ENABLE_PREVIEWS = YES;
				GENERATE_INFOPLIST_FILE = YES;
				INFOPLIST_FILE = SpaceXLaunch/Info.plist;
				INFOPLIST_KEY_UIApplicationSceneManifest_Generation = YES;
				INFOPLIST_KEY_UIApplicationSupportsIndirectInputEvents = YES;
				INFOPLIST_KEY_UILaunchScreen_Generation = YES;
				INFOPLIST_KEY_UILaunchStoryboardName = LaunchScreen;
				INFOPLIST_KEY_UISupportedInterfaceOrientations_iPad = "UIInterfaceOrientationPortrait UIInterfaceOrientationPortraitUpsideDown UIInterfaceOrientationLandscapeLeft UIInterfaceOrientationLandscapeRight";
				INFOPLIST_KEY_UISupportedInterfaceOrientations_iPhone = "UIInterfaceOrientationPortrait UIInterfaceOrientationLandscapeLeft UIInterfaceOrientationLandscapeRight";
				LD_RUNPATH_SEARCH_PATHS = (
					"$(inherited)",
					"@executable_path/Frameworks",
				);
				MARKETING_VERSION = 1.0;
				PRODUCT_BUNDLE_IDENTIFIER = com.manev.mikhail.SpaceXLaunch;
				PRODUCT_NAME = "$(TARGET_NAME)";
				SWIFT_EMIT_LOC_STRINGS = YES;
				SWIFT_VERSION = 5.0;
				TARGETED_DEVICE_FAMILY = "1,2";
			};
			name = Debug;
		};
		8D09A69A28AAA5710014E075 /* Release */ = {
			isa = XCBuildConfiguration;
			buildSettings = {
				ASSETCATALOG_COMPILER_APPICON_NAME = AppIcon;
				ASSETCATALOG_COMPILER_GLOBAL_ACCENT_COLOR_NAME = AccentColor;
				CODE_SIGN_STYLE = Automatic;
				CURRENT_PROJECT_VERSION = 1;
				DEVELOPMENT_ASSET_PATHS = "\"SpaceXLaunch/Preview Content\"";
				DEVELOPMENT_TEAM = 79GHQ256TM;
				ENABLE_PREVIEWS = YES;
				GENERATE_INFOPLIST_FILE = YES;
				INFOPLIST_FILE = SpaceXLaunch/Info.plist;
				INFOPLIST_KEY_UIApplicationSceneManifest_Generation = YES;
				INFOPLIST_KEY_UIApplicationSupportsIndirectInputEvents = YES;
				INFOPLIST_KEY_UILaunchScreen_Generation = YES;
				INFOPLIST_KEY_UILaunchStoryboardName = LaunchScreen;
				INFOPLIST_KEY_UISupportedInterfaceOrientations_iPad = "UIInterfaceOrientationPortrait UIInterfaceOrientationPortraitUpsideDown UIInterfaceOrientationLandscapeLeft UIInterfaceOrientationLandscapeRight";
				INFOPLIST_KEY_UISupportedInterfaceOrientations_iPhone = "UIInterfaceOrientationPortrait UIInterfaceOrientationLandscapeLeft UIInterfaceOrientationLandscapeRight";
				LD_RUNPATH_SEARCH_PATHS = (
					"$(inherited)",
					"@executable_path/Frameworks",
				);
				MARKETING_VERSION = 1.0;
				PRODUCT_BUNDLE_IDENTIFIER = com.manev.mikhail.SpaceXLaunch;
				PRODUCT_NAME = "$(TARGET_NAME)";
				SWIFT_EMIT_LOC_STRINGS = YES;
				SWIFT_VERSION = 5.0;
				TARGETED_DEVICE_FAMILY = "1,2";
			};
			name = Release;
		};
/* End XCBuildConfiguration section */

/* Begin XCConfigurationList section */
		8D09A68528AAA5700014E075 /* Build configuration list for PBXProject "SpaceXLaunch" */ = {
			isa = XCConfigurationList;
			buildConfigurations = (
				8D09A69628AAA5710014E075 /* Debug */,
				8D09A69728AAA5710014E075 /* Release */,
			);
			defaultConfigurationIsVisible = 0;
			defaultConfigurationName = Release;
		};
		8D09A69828AAA5710014E075 /* Build configuration list for PBXNativeTarget "SpaceXLaunch" */ = {
			isa = XCConfigurationList;
			buildConfigurations = (
				8D09A69928AAA5710014E075 /* Debug */,
				8D09A69A28AAA5710014E075 /* Release */,
			);
			defaultConfigurationIsVisible = 0;
			defaultConfigurationName = Release;
		};
/* End XCConfigurationList section */
	};
	rootObject = 8D09A68228AAA5700014E075 /* Project object */;
}
