// !$*UTF8*$!
{
	archiveVersion = 1;
	classes = {
	};
	objectVersion = 55;
	objects = {

/* Begin PBXBuildFile section */
		8D09A68E28AAA5700014E075 /* SpaceXLaunchApp.swift in Sources */ = {isa = PBXBuildFile; fileRef = 8D09A68D28AAA5700014E075 /* SpaceXLaunchApp.swift */; };
		8D09A69028AAA5700014E075 /* ContentView.swift in Sources */ = {isa = PBXBuildFile; fileRef = 8D09A68F28AAA5700014E075 /* ContentView.swift */; };
		8D09A69228AAA5710014E075 /* Assets.xcassets in Resources */ = {isa = PBXBuildFile; fileRef = 8D09A69128AAA5710014E075 /* Assets.xcassets */; };
		8D09A69528AAA5710014E075 /* Preview Assets.xcassets in Resources */ = {isa = PBXBuildFile; fileRef = 8D09A69428AAA5710014E075 /* Preview Assets.xcassets */; };
		8D4568BD28ABC9E300838891 /* RoketModel.swift in Sources */ = {isa = PBXBuildFile; fileRef = 8D4568BC28ABC9E300838891 /* RoketModel.swift */; };
		8D4568BF28ABD87000838891 /* APIServices.swift in Sources */ = {isa = PBXBuildFile; fileRef = 8D4568BE28ABD87000838891 /* APIServices.swift */; };
		8D86973128AD026400082DA7 /* RoketViewModelApi2.swift in Sources */ = {isa = PBXBuildFile; fileRef = 8D86973028AD026400082DA7 /* RoketViewModelApi2.swift */; };
		8D86973828AD4D3000082DA7 /* AsyncImageJSON.swift in Sources */ = {isa = PBXBuildFile; fileRef = 8D86973728AD4D3000082DA7 /* AsyncImageJSON.swift */; };
		8DB6ED4A28ABADBF00DF0DB5 /* LaunchScreenView.swift in Sources */ = {isa = PBXBuildFile; fileRef = 8DB6ED4928ABADBF00DF0DB5 /* LaunchScreenView.swift */; };
		8DB6ED4C28ABB9AC00DF0DB5 /* RoketView.swift in Sources */ = {isa = PBXBuildFile; fileRef = 8DB6ED4B28ABB9AC00DF0DB5 /* RoketView.swift */; };
		8DD0FF6C28AE48F600629FD8 /* TabViewModel.swift in Sources */ = {isa = PBXBuildFile; fileRef = 8DD0FF6B28AE48F600629FD8 /* TabViewModel.swift */; };
		8DDEAE7828B7950000B5CD73 /* Preference.swift in Sources */ = {isa = PBXBuildFile; fileRef = 8DDEAE7728B7950000B5CD73 /* Preference.swift */; };
/* End PBXBuildFile section */

/* Begin PBXFileReference section */
		8D09A68A28AAA5700014E075 /* SpaceXLaunch.app */ = {isa = PBXFileReference; explicitFileType = wrapper.application; includeInIndex = 0; path = SpaceXLaunch.app; sourceTree = BUILT_PRODUCTS_DIR; };
		8D09A68D28AAA5700014E075 /* SpaceXLaunchApp.swift */ = {isa = PBXFileReference; lastKnownFileType = sourcecode.swift; path = SpaceXLaunchApp.swift; sourceTree = "<group>"; };
		8D09A68F28AAA5700014E075 /* ContentView.swift */ = {isa = PBXFileReference; lastKnownFileType = sourcecode.swift; path = ContentView.swift; sourceTree = "<group>"; };
		8D09A69128AAA5710014E075 /* Assets.xcassets */ = {isa = PBXFileReference; lastKnownFileType = folder.assetcatalog; path = Assets.xcassets; sourceTree = "<group>"; };
		8D09A69428AAA5710014E075 /* Preview Assets.xcassets */ = {isa = PBXFileReference; lastKnownFileType = folder.assetcatalog; path = "Preview Assets.xcassets"; sourceTree = "<group>"; };
		8D4568BC28ABC9E300838891 /* RoketModel.swift */ = {isa = PBXFileReference; lastKnownFileType = sourcecode.swift; path = RoketModel.swift; sourceTree = "<group>"; };
		8D4568BE28ABD87000838891 /* APIServices.swift */ = {isa = PBXFileReference; lastKnownFileType = sourcecode.swift; path = APIServices.swift; sourceTree = "<group>"; };
		8D86973028AD026400082DA7 /* RoketViewModelApi2.swift */ = {isa = PBXFileReference; lastKnownFileType = sourcecode.swift; path = RoketViewModelApi2.swift; sourceTree = "<group>"; };
		8D86973728AD4D3000082DA7 /* AsyncImageJSON.swift */ = {isa = PBXFileReference; lastKnownFileType = sourcecode.swift; path = AsyncImageJSON.swift; sourceTree = "<group>"; };
		8DB6ED4928ABADBF00DF0DB5 /* LaunchScreenView.swift */ = {isa = PBXFileReference; lastKnownFileType = sourcecode.swift; path = LaunchScreenView.swift; sourceTree = "<group>"; };
		8DB6ED4B28ABB9AC00DF0DB5 /* RoketView.swift */ = {isa = PBXFileReference; fileEncoding = 4; lastKnownFileType = sourcecode.swift; path = RoketView.swift; sourceTree = "<group>"; };
		8DD0FF6B28AE48F600629FD8 /* TabViewModel.swift */ = {isa = PBXFileReference; lastKnownFileType = sourcecode.swift; path = TabViewModel.swift; sourceTree = "<group>"; };
		8DDEAE7728B7950000B5CD73 /* Preference.swift */ = {isa = PBXFileReference; lastKnownFileType = sourcecode.swift; path = Preference.swift; sourceTree = "<group>"; };
/* End PBXFileReference section */

/* Begin PBXFrameworksBuildPhase section */
		8D09A68728AAA5700014E075 /* Frameworks */ = {
			isa = PBXFrameworksBuildPhase;
			buildActionMask = 2147483647;
			files = (
			);
			runOnlyForDeploymentPostprocessing = 0;
		};
/* End PBXFrameworksBuildPhase section */

/* Begin PBXGroup section */
		8D09A68128AAA5700014E075 = {
			isa = PBXGroup;
			children = (
				8D09A68C28AAA5700014E075 /* SpaceXLaunch */,
				8D09A69328AAA5710014E075 /* Preview Content */,
				8D09A68B28AAA5700014E075 /* Products */,
			);
			sourceTree = "<group>";
		};
		8D09A68B28AAA5700014E075 /* Products */ = {
			isa = PBXGroup;
			children = (
				8D09A68A28AAA5700014E075 /* SpaceXLaunch.app */,
			);
			name = Products;
			sourceTree = "<group>";
		};
		8D09A68C28AAA5700014E075 /* SpaceXLaunch */ = {
			isa = PBXGroup;
			children = (
				8D09A68D28AAA5700014E075 /* SpaceXLaunchApp.swift */,
				8D09A68F28AAA5700014E075 /* ContentView.swift */,
				8D86973628AD434100082DA7 /* Roket */,
				8D86973028AD026400082DA7 /* RoketViewModelApi2.swift */,
				8DD0FF6B28AE48F600629FD8 /* TabViewModel.swift */,
				8DB6ED4D28ABC99B00DF0DB5 /* Model */,
				8D09A69128AAA5710014E075 /* Assets.xcassets */,
				8D4568BE28ABD87000838891 /* APIServices.swift */,
			);
			path = SpaceXLaunch;
			sourceTree = "<group>";
		};
		8D09A69328AAA5710014E075 /* Preview Content */ = {
			isa = PBXGroup;
			children = (
				8D09A69428AAA5710014E075 /* Preview Assets.xcassets */,
			);
			path = "Preview Content";
			sourceTree = "<group>";
		};
		8D86973628AD434100082DA7 /* Roket */ = {
			isa = PBXGroup;
			children = (
				8DB6ED4B28ABB9AC00DF0DB5 /* RoketView.swift */,
				8DB6ED4928ABADBF00DF0DB5 /* LaunchScreenView.swift */,
				8D86973728AD4D3000082DA7 /* AsyncImageJSON.swift */,
				8DDEAE7728B7950000B5CD73 /* Preference.swift */,
			);
			path = Roket;
			sourceTree = "<group>";
		};
		8DB6ED4D28ABC99B00DF0DB5 /* Model */ = {
			isa = PBXGroup;
			children = (
				8D4568BC28ABC9E300838891 /* RoketModel.swift */,
			);
			path = Model;
			sourceTree = "<group>";
		};
/* End PBXGroup section */

/* Begin PBXNativeTarget section */
		8D09A68928AAA5700014E075 /* SpaceXLaunch */ = {
			isa = PBXNativeTarget;
			buildConfigurationList = 8D09A69828AAA5710014E075 /* Build configuration list for PBXNativeTarget "SpaceXLaunch" */;
			buildPhases = (
				8D09A68628AAA5700014E075 /* Sources */,
				8D09A68728AAA5700014E075 /* Frameworks */,
				8D09A68828AAA5700014E075 /* Resources */,
			);
			buildRules = (
			);
			dependencies = (
			);
			name = SpaceXLaunch;
			productName = SpaceXLaunch;
			productReference = 8D09A68A28AAA5700014E075 /* SpaceXLaunch.app */;
			productType = "com.apple.product-type.application";
		};
/* End PBXNativeTarget section */

/* Begin PBXProject section */
		8D09A68228AAA5700014E075 /* Project object */ = {
			isa = PBXProject;
			attributes = {
				BuildIndependentTargetsInParallel = 1;
				LastSwiftUpdateCheck = 1340;
				LastUpgradeCheck = 1340;
				TargetAttributes = {
					8D09A68928AAA5700014E075 = {
						CreatedOnToolsVersion = 13.4.1;
					};
				};
			};
			buildConfigurationList = 8D09A68528AAA5700014E075 /* Build configuration list for PBXProject "SpaceXLaunch" */;
			compatibilityVersion = "Xcode 13.0";
			developmentRegion = en;
			hasScannedForEncodings = 0;
			knownRegions = (
				en,
				Base,
			);
			mainGroup = 8D09A68128AAA5700014E075;
			productRefGroup = 8D09A68B28AAA5700014E075 /* Products */;
			projectDirPath = "";
			projectRoot = "";
			targets = (
				8D09A68928AAA5700014E075 /* SpaceXLaunch */,
			);
		};
/* End PBXProject section */

/* Begin PBXResourcesBuildPhase section */
		8D09A68828AAA5700014E075 /* Resources */ = {
			isa = PBXResourcesBuildPhase;
			buildActionMask = 2147483647;
			files = (
				8D09A69528AAA5710014E075 /* Preview Assets.xcassets in Resources */,
				8D09A69228AAA5710014E075 /* Assets.xcassets in Resources */,
			);
			runOnlyForDeploymentPostprocessing = 0;
		};
/* End PBXResourcesBuildPhase section */

/* Begin PBXSourcesBuildPhase section */
		8D09A68628AAA5700014E075 /* Sources */ = {
			isa = PBXSourcesBuildPhase;
			buildActionMask = 2147483647;
			files = (
				8DDEAE7828B7950000B5CD73 /* Preference.swift in Sources */,
				8D86973128AD026400082DA7 /* RoketViewModelApi2.swift in Sources */,
				8D86973828AD4D3000082DA7 /* AsyncImageJSON.swift in Sources */,
				8D4568BD28ABC9E300838891 /* RoketModel.swift in Sources */,
				8D09A69028AAA5700014E075 /* ContentView.swift in Sources */,
				8D4568BF28ABD87000838891 /* APIServices.swift in Sources */,
				8D09A68E28AAA5700014E075 /* SpaceXLaunchApp.swift in Sources */,
				8DB6ED4C28ABB9AC00DF0DB5 /* RoketView.swift in Sources */,
				8DD0FF6C28AE48F600629FD8 /* TabViewModel.swift in Sources */,
				8DB6ED4A28ABADBF00DF0DB5 /* LaunchScreenView.swift in Sources */,
			);
			runOnlyForDeploymentPostprocessing = 0;
		};
/* End PBXSourcesBuildPhase section */

/* Begin XCBuildConfiguration section */
		8D09A69628AAA5710014E075 /* Debug */ = {
			isa = XCBuildConfiguration;
			buildSettings = {
				ALWAYS_SEARCH_USER_PATHS = NO;
				CLANG_ANALYZER_NONNULL = YES;
				CLANG_ANALYZER_NUMBER_OBJECT_CONVERSION = YES_AGGRESSIVE;
				CLANG_CXX_LANGUAGE_STANDARD = "gnu++17";
				CLANG_ENABLE_MODULES = YES;
				CLANG_ENABLE_OBJC_ARC = YES;
				CLANG_ENABLE_OBJC_WEAK = YES;
				CLANG_WARN_BLOCK_CAPTURE_AUTORELEASING = YES;
				CLANG_WARN_BOOL_CONVERSION = YES;
				CLANG_WARN_COMMA = YES;
				CLANG_WARN_CONSTANT_CONVERSION = YES;
				CLANG_WARN_DEPRECATED_OBJC_IMPLEMENTATIONS = YES;
				CLANG_WARN_DIRECT_OBJC_ISA_USAGE = YES_ERROR;
				CLANG_WARN_DOCUMENTATION_COMMENTS = YES;
				CLANG_WARN_EMPTY_BODY = YES;
				CLANG_WARN_ENUM_CONVERSION = YES;
				CLANG_WARN_INFINITE_RECURSION = YES;
				CLANG_WARN_INT_CONVERSION = YES;
				CLANG_WARN_NON_LITERAL_NULL_CONVERSION = YES;
				CLANG_WARN_OBJC_IMPLICIT_RETAIN_SELF = YES;
				CLANG_WARN_OBJC_LITERAL_CONVERSION = YES;
				CLANG_WARN_OBJC_ROOT_CLASS = YES_ERROR;
				CLANG_WARN_QUOTED_INCLUDE_IN_FRAMEWORK_HEADER = YES;
				CLANG_WARN_RANGE_LOOP_ANALYSIS = YES;
				CLANG_WARN_STRICT_PROTOTYPES = YES;
				CLANG_WARN_SUSPICIOUS_MOVE = YES;
				CLANG_WARN_UNGUARDED_AVAILABILITY = YES_AGGRESSIVE;
				CLANG_WARN_UNREACHABLE_CODE = YES;
				CLANG_WARN__DUPLICATE_METHOD_MATCH = YES;
				COPY_PHASE_STRIP = NO;
				DEBUG_INFORMATION_FORMAT = dwarf;
				ENABLE_STRICT_OBJC_MSGSEND = YES;
				ENABLE_TESTABILITY = YES;
				GCC_C_LANGUAGE_STANDARD = gnu11;
				GCC_DYNAMIC_NO_PIC = NO;
				GCC_NO_COMMON_BLOCKS = YES;
				GCC_OPTIMIZATION_LEVEL = 0;
				GCC_PREPROCESSOR_DEFINITIONS = (
					"DEBUG=1",
					"$(inherited)",
				);
				GCC_WARN_64_TO_32_BIT_CONVERSION = YES;
				GCC_WARN_ABOUT_RETURN_TYPE = YES_ERROR;
				GCC_WARN_UNDECLARED_SELECTOR = YES;
				GCC_WARN_UNINITIALIZED_AUTOS = YES_AGGRESSIVE;
				GCC_WARN_UNUSED_FUNCTION = YES;
				GCC_WARN_UNUSED_VARIABLE = YES;
				IPHONEOS_DEPLOYMENT_TARGET = 15.5;
				MTL_ENABLE_DEBUG_INFO = INCLUDE_SOURCE;
				MTL_FAST_MATH = YES;
				ONLY_ACTIVE_ARCH = YES;
				SDKROOT = iphoneos;
				SWIFT_ACTIVE_COMPILATION_CONDITIONS = DEBUG;
				SWIFT_OPTIMIZATION_LEVEL = "-Onone";
			};
			name = Debug;
		};
		8D09A69728AAA5710014E075 /* Release */ = {
			isa = XCBuildConfiguration;
			buildSettings = {
				ALWAYS_SEARCH_USER_PATHS = NO;
				CLANG_ANALYZER_NONNULL = YES;
				CLANG_ANALYZER_NUMBER_OBJECT_CONVERSION = YES_AGGRESSIVE;
				CLANG_CXX_LANGUAGE_STANDARD = "gnu++17";
				CLANG_ENABLE_MODULES = YES;
				CLANG_ENABLE_OBJC_ARC = YES;
				CLANG_ENABLE_OBJC_WEAK = YES;
				CLANG_WARN_BLOCK_CAPTURE_AUTORELEASING = YES;
				CLANG_WARN_BOOL_CONVERSION = YES;
				CLANG_WARN_COMMA = YES;
				CLANG_WARN_CONSTANT_CONVERSION = YES;
				CLANG_WARN_DEPRECATED_OBJC_IMPLEMENTATIONS = YES;
				CLANG_WARN_DIRECT_OBJC_ISA_USAGE = YES_ERROR;
				CLANG_WARN_DOCUMENTATION_COMMENTS = YES;
				CLANG_WARN_EMPTY_BODY = YES;
				CLANG_WARN_ENUM_CONVERSION = YES;
				CLANG_WARN_INFINITE_RECURSION = YES;
				CLANG_WARN_INT_CONVERSION = YES;
				CLANG_WARN_NON_LITERAL_NULL_CONVERSION = YES;
				CLANG_WARN_OBJC_IMPLICIT_RETAIN_SELF = YES;
				CLANG_WARN_OBJC_LITERAL_CONVERSION = YES;
				CLANG_WARN_OBJC_ROOT_CLASS = YES_ERROR;
				CLANG_WARN_QUOTED_INCLUDE_IN_FRAMEWORK_HEADER = YES;
				CLANG_WARN_RANGE_LOOP_ANALYSIS = YES;
				CLANG_WARN_STRICT_PROTOTYPES = YES;
				CLANG_WARN_SUSPICIOUS_MOVE = YES;
				CLANG_WARN_UNGUARDED_AVAILABILITY = YES_AGGRESSIVE;
				CLANG_WARN_UNREACHABLE_CODE = YES;
				CLANG_WARN__DUPLICATE_METHOD_MATCH = YES;
				COPY_PHASE_STRIP = NO;
				DEBUG_INFORMATION_FORMAT = "dwarf-with-dsym";
				ENABLE_NS_ASSERTIONS = NO;
				ENABLE_STRICT_OBJC_MSGSEND = YES;
				GCC_C_LANGUAGE_STANDARD = gnu11;
				GCC_NO_COMMON_BLOCKS = YES;
				GCC_WARN_64_TO_32_BIT_CONVERSION = YES;
				GCC_WARN_ABOUT_RETURN_TYPE = YES_ERROR;
				GCC_WARN_UNDECLARED_SELECTOR = YES;
				GCC_WARN_UNINITIALIZED_AUTOS = YES_AGGRESSIVE;
				GCC_WARN_UNUSED_FUNCTION = YES;
				GCC_WARN_UNUSED_VARIABLE = YES;
				IPHONEOS_DEPLOYMENT_TARGET = 15.5;
				MTL_ENABLE_DEBUG_INFO = NO;
				MTL_FAST_MATH = YES;
				SDKROOT = iphoneos;
				SWIFT_COMPILATION_MODE = wholemodule;
				SWIFT_OPTIMIZATION_LEVEL = "-O";
				VALIDATE_PRODUCT = YES;
			};
			name = Release;
		};
		8D09A69928AAA5710014E075 /* Debug */ = {
			isa = XCBuildConfiguration;
			buildSettings = {
				ASSETCATALOG_COMPILER_APPICON_NAME = AppIcon;
				ASSETCATALOG_COMPILER_GLOBAL_ACCENT_COLOR_NAME = AccentColor;
				CODE_SIGN_STYLE = Automatic;
				CURRENT_PROJECT_VERSION = 1;
				DEVELOPMENT_ASSET_PATHS = "\"SpaceXLaunch/Preview Content\"";
				DEVELOPMENT_TEAM = 79GHQ256TM;
				ENABLE_PREVIEWS = YES;
				GENERATE_INFOPLIST_FILE = YES;
				INFOPLIST_KEY_UIApplicationSceneManifest_Generation = YES;
				INFOPLIST_KEY_UIApplicationSupportsIndirectInputEvents = YES;
				INFOPLIST_KEY_UILaunchScreen_Generation = YES;
				INFOPLIST_KEY_UISupportedInterfaceOrientations_iPad = "UIInterfaceOrientationPortrait UIInterfaceOrientationPortraitUpsideDown UIInterfaceOrientationLandscapeLeft UIInterfaceOrientationLandscapeRight";
				INFOPLIST_KEY_UISupportedInterfaceOrientations_iPhone = "UIInterfaceOrientationPortrait UIInterfaceOrientationLandscapeLeft UIInterfaceOrientationLandscapeRight";
				LD_RUNPATH_SEARCH_PATHS = (
					"$(inherited)",
					"@executable_path/Frameworks",
				);
				MARKETING_VERSION = 1.0;
				PRODUCT_BUNDLE_IDENTIFIER = com.manev.mikhail.SpaceXLaunch;
				PRODUCT_NAME = "$(TARGET_NAME)";
				SWIFT_EMIT_LOC_STRINGS = YES;
				SWIFT_VERSION = 5.0;
				TARGETED_DEVICE_FAMILY = "1,2";
			};
			name = Debug;
		};
		8D09A69A28AAA5710014E075 /* Release */ = {
			isa = XCBuildConfiguration;
			buildSettings = {
				ASSETCATALOG_COMPILER_APPICON_NAME = AppIcon;
				ASSETCATALOG_COMPILER_GLOBAL_ACCENT_COLOR_NAME = AccentColor;
				CODE_SIGN_STYLE = Automatic;
				CURRENT_PROJECT_VERSION = 1;
				DEVELOPMENT_ASSET_PATHS = "\"SpaceXLaunch/Preview Content\"";
				DEVELOPMENT_TEAM = 79GHQ256TM;
				ENABLE_PREVIEWS = YES;
				GENERATE_INFOPLIST_FILE = YES;
				INFOPLIST_KEY_UIApplicationSceneManifest_Generation = YES;
				INFOPLIST_KEY_UIApplicationSupportsIndirectInputEvents = YES;
				INFOPLIST_KEY_UILaunchScreen_Generation = YES;
				INFOPLIST_KEY_UISupportedInterfaceOrientations_iPad = "UIInterfaceOrientationPortrait UIInterfaceOrientationPortraitUpsideDown UIInterfaceOrientationLandscapeLeft UIInterfaceOrientationLandscapeRight";
				INFOPLIST_KEY_UISupportedInterfaceOrientations_iPhone = "UIInterfaceOrientationPortrait UIInterfaceOrientationLandscapeLeft UIInterfaceOrientationLandscapeRight";
				LD_RUNPATH_SEARCH_PATHS = (
					"$(inherited)",
					"@executable_path/Frameworks",
				);
				MARKETING_VERSION = 1.0;
				PRODUCT_BUNDLE_IDENTIFIER = com.manev.mikhail.SpaceXLaunch;
				PRODUCT_NAME = "$(TARGET_NAME)";
				SWIFT_EMIT_LOC_STRINGS = YES;
				SWIFT_VERSION = 5.0;
				TARGETED_DEVICE_FAMILY = "1,2";
			};
			name = Release;
		};
/* End XCBuildConfiguration section */

/* Begin XCConfigurationList section */
		8D09A68528AAA5700014E075 /* Build configuration list for PBXProject "SpaceXLaunch" */ = {
			isa = XCConfigurationList;
			buildConfigurations = (
				8D09A69628AAA5710014E075 /* Debug */,
				8D09A69728AAA5710014E075 /* Release */,
			);
			defaultConfigurationIsVisible = 0;
			defaultConfigurationName = Release;
		};
		8D09A69828AAA5710014E075 /* Build configuration list for PBXNativeTarget "SpaceXLaunch" */ = {
			isa = XCConfigurationList;
			buildConfigurations = (
				8D09A69928AAA5710014E075 /* Debug */,
				8D09A69A28AAA5710014E075 /* Release */,
			);
			defaultConfigurationIsVisible = 0;
			defaultConfigurationName = Release;
		};
/* End XCConfigurationList section */
	};
	rootObject = 8D09A68228AAA5700014E075 /* Project object */;
}
